{
    "myclabs/php-enum": {
        "version": "1.8.3"
    },
    "predis/predis": {
        "version": "v1.1.7"
    },
    "snc/redis-bundle": {
        "version": "2.0",
        "recipe": {
            "repo": "github.com/symfony/recipes-contrib",
            "branch": "master",
            "version": "2.0",
            "ref": "85bbdb3d2db531e20874de29bab0587f93604fa8"
        },
        "files": [
            "config/packages/snc_redis.yaml"
        ]
    },
    "symfony/intl": {
        "version": "v5.1.11"
    },
    "symfony/polyfill-intl-icu": {
        "version": "v1.23.0"
    }
}
